
Microsoft Visual Studio Solution File, Format Version 12.00
# Visual Studio 14
VisualStudioVersion = 14.0.25123.0
MinimumVisualStudioVersion = 10.0.40219.1
Project("{FAE04EC0-301F-11D3-BF4B-00C04F79EFBC}") = "Top8Library111", "Top8Library111\Top8Library111.csproj", "{03ADA86E-9D13-4EB6-95EA-C050CD44DD88}"
EndProject
Project("{FAE04EC0-301F-11D3-BF4B-00C04F79EFBC}") = "Top8Library111Test", "Top8Library111Test\Top8Library111Test.csproj", "{5C66DD1E-4A29-490C-80FE-A872FCE20BEA}"
EndProject
Global
	GlobalSection(SolutionConfigurationPlatforms) = preSolution
		Debug|Any CPU = Debug|Any CPU
		Release|Any CPU = Release|Any CPU
	EndGlobalSection
	GlobalSection(ProjectConfigurationPlatforms) = postSolution
		{03ADA86E-9D13-4EB6-95EA-C050CD44DD88}.Debug|Any CPU.ActiveCfg = Debug|Any CPU
		{03ADA86E-9D13-4EB6-95EA-C050CD44DD88}.Debug|Any CPU.Build.0 = Debug|Any CPU
		{03ADA86E-9D13-4EB6-95EA-C050CD44DD88}.Release|Any CPU.ActiveCfg = Release|Any CPU
		{03ADA86E-9D13-4EB6-95EA-C050CD44DD88}.Release|Any CPU.Build.0 = Release|Any CPU
		{5C66DD1E-4A29-490C-80FE-A872FCE20BEA}.Debug|Any CPU.ActiveCfg = Debug|Any CPU
		{5C66DD1E-4A29-490C-80FE-A872FCE20BEA}.Debug|Any CPU.Build.0 = Debug|Any CPU
		{5C66DD1E-4A29-490C-80FE-A872FCE20BEA}.Release|Any CPU.ActiveCfg = Release|Any CPU
		{5C66DD1E-4A29-490C-80FE-A872FCE20BEA}.Release|Any CPU.Build.0 = Release|Any CPU
	EndGlobalSection
	GlobalSection(SolutionProperties) = preSolution
		HideSolutionNode = FALSE
	EndGlobalSection
EndGlobal
